{
  "name": "@guihss/ngx-dynamic-forms",
  "version": "1.0.3",
  "lockfileVersion": 1,
  "requires": true,
  "dependencies": {
    "@angular/material": {
      "version": "10.2.0",
      "resolved": "https://registry.npmjs.org/@angular/material/-/material-10.2.0.tgz",
      "integrity": "sha512-IplZVu1OpyvGYlrzkV36+5xKdwyyfl8AOykcC+jWU1MtnbTrnVmqGGF94qv7YEYN4PcVKbhSuNnz6/vPQm27ZA==",
      "requires": {
        "tslib": "^2.0.0"
      },
      "dependencies": {
        "tslib": {
          "version": "2.0.1",
          "resolved": "https://registry.npmjs.org/tslib/-/tslib-2.0.1.tgz",
          "integrity": "sha512-SgIkNheinmEBgx1IUNirK0TUD4X9yjjBRTqqjggWCU3pUEqIk3/Uwl3yRixYKT6WjQuGiwDv4NomL3wqRCj+CQ=="
        }
      }
    },
    "tslib": {
      "version": "1.13.0",
      "resolved": "https://registry.npmjs.org/tslib/-/tslib-1.13.0.tgz",
      "integrity": "sha512-i/6DQjL8Xf3be4K/E6Wgpekn5Qasl1usyw++dAA35Ue5orEn65VIxOA+YvNNl9HV3qv70T7CNwjODHZrLwvd1Q=="
    }
  }
}
